PODS:
  - bitsdojo_window_macos (0.0.1):
    - FlutterMacOS
  - Defaults (4.2.2)
  - FlutterMacOS (1.0.0)
  - open_dir_macos (0.0.1):
    - FlutterMacOS
  - pasteboard (0.0.1):
    - FlutterMacOS
  - rust_lib_localsend_app (0.0.1):
    - FlutterMacOS
  - uri_content (0.0.1):
    - FlutterMacOS

DEPENDENCIES:
  - bitsdojo_window_macos (from `Flutter/ephemeral/.symlinks/plugins/bitsdojo_window_macos/macos`)
  - Defaults (~> 4.2)
  - FlutterMacOS (from `Flutter/ephemeral`)
  - open_dir_macos (from `Flutter/ephemeral/.symlinks/plugins/open_dir_macos/macos`)
  - pasteboard (from `Flutter/ephemeral/.symlinks/plugins/pasteboard/macos`)
  - rust_lib_localsend_app (from `Flutter/ephemeral/.symlinks/plugins/rust_lib_localsend_app/macos`)
  - uri_content (from `Flutter/ephemeral/.symlinks/plugins/uri_content/macos`)

SPEC REPOS:
  trunk:
    - Defaults

EXTERNAL SOURCES:
  bitsdojo_window_macos:
    :path: Flutter/ephemeral/.symlinks/plugins/bitsdojo_window_macos/macos
  FlutterMacOS:
    :path: Flutter/ephemeral
  open_dir_macos:
    :path: Flutter/ephemeral/.symlinks/plugins/open_dir_macos/macos
  pasteboard:
    :path: Flutter/ephemeral/.symlinks/plugins/pasteboard/macos
  rust_lib_localsend_app:
    :path: Flutter/ephemeral/.symlinks/plugins/rust_lib_localsend_app/macos
  uri_content:
    :path: Flutter/ephemeral/.symlinks/plugins/uri_content/macos

SPEC CHECKSUMS:
  bitsdojo_window_macos: 7959fb0ca65a3ccda30095c181ecb856fae48ea9
  Defaults: d785e56c0fb8890dc40351603f05c8e1df1bdd45
  FlutterMacOS: d0db08ddef1a9af05a5ec4b724367152bb0500b1
  open_dir_macos: 79810d7921d777f8732bf6358b3a0839a8fad9b5
  pasteboard: 278d8100149f940fb795d6b3a74f0720c890ecb7
  rust_lib_localsend_app: 293779a82668308386129c9669c081d201d3e278
  uri_content: 6c7c098bcc83078659b4d274f42db92691eb9123

PODFILE CHECKSUM: 5c6550f5101fcba381ddb97e2135e4cacca4f31f

COCOAPODS: 1.16.2
